
Microsoft Visual Studio Solution File, Format Version 12.00
# Visual Studio Version 16
VisualStudioVersion = 16.0.30011.22
MinimumVisualStudioVersion = 10.0.40219.1
Project("{FAE04EC0-301F-11D3-BF4B-00C04F79EFBC}") = "ApiStarWar", "ApiStarWar\ApiStarWar.csproj", "{95749962-8B0D-4D3B-BBCB-0034FFC5068A}"
EndProject
Global
	GlobalSection(SolutionConfigurationPlatforms) = preSolution
		Debug|Any CPU = Debug|Any CPU
		Release|Any CPU = Release|Any CPU
	EndGlobalSection
	GlobalSection(ProjectConfigurationPlatforms) = postSolution
		{95749962-8B0D-4D3B-BBCB-0034FFC5068A}.Debug|Any CPU.ActiveCfg = Debug|Any CPU
		{95749962-8B0D-4D3B-BBCB-0034FFC5068A}.Debug|Any CPU.Build.0 = Debug|Any CPU
		{95749962-8B0D-4D3B-BBCB-0034FFC5068A}.Release|Any CPU.ActiveCfg = Release|Any CPU
		{95749962-8B0D-4D3B-BBCB-0034FFC5068A}.Release|Any CPU.Build.0 = Release|Any CPU
	EndGlobalSection
	GlobalSection(SolutionProperties) = preSolution
		HideSolutionNode = FALSE
	EndGlobalSection
	GlobalSection(ExtensibilityGlobals) = postSolution
		SolutionGuid = {23A7548B-B833-41D3-B76B-D1EE10597523}
	EndGlobalSection
EndGlobal
